<?xml version="1.0" encoding="utf-8"?>
<Project ToolsVersion="4.0" xmlns="http://schemas.microsoft.com/developer/msbuild/2003">
  <ItemGroup>
    <Filter Include="Source Files">
      <UniqueIdentifier>{4FC737F1-C7A5-4376-A066-2A32D752A2FF}</UniqueIdentifier>
      <Extensions>cpp;c;cc;cxx;c++;cppm;ixx;def;odl;idl;hpj;bat;asm;asmx</Extensions>
    </Filter>
    <Filter Include="DesignPattern">
      <UniqueIdentifier>{d033d2d0-de97-4833-9079-a950f1b4be65}</UniqueIdentifier>
    </Filter>
    <Filter Include="Utility">
      <UniqueIdentifier>{d0e8438f-dbc4-4e90-b8af-0b01792b74e2}</UniqueIdentifier>
    </Filter>
    <Filter Include="Miscellaneous">
      <UniqueIdentifier>{59d6d8ee-aac5-4273-9c78-f41ab70fc4b7}</UniqueIdentifier>
    </Filter>
    <Filter Include="Component">
      <UniqueIdentifier>{4df88114-097d-4ab5-a7c6-7212afd01440}</UniqueIdentifier>
    </Filter>
    <Filter Include="Primitive">
      <UniqueIdentifier>{79e4a69c-bc03-4af2-be1c-718b7cdec612}</UniqueIdentifier>
    </Filter>
    <Filter Include="Component\Core">
      <UniqueIdentifier>{41b56312-ed54-487a-b120-bec15e47ce58}</UniqueIdentifier>
    </Filter>
    <Filter Include="Render">
      <UniqueIdentifier>{ee0a354f-44da-4695-8ea9-ed788b5421ba}</UniqueIdentifier>
    </Filter>
  </ItemGroup>
  <ItemGroup>
    <ClCompile Include="Src\main.cpp">
      <Filter>Source Files</Filter>
    </ClCompile>
    <ClCompile Include="Src\Application.cpp">
      <Filter>Source Files</Filter>
    </ClCompile>
    <ClCompile Include="Src\Miscellaneous\glad.c">
      <Filter>Miscellaneous</Filter>
    </ClCompile>
    <ClCompile Include="Src\Component\Core\Transform.cpp">
      <Filter>Component\Core</Filter>
    </ClCompile>
    <ClCompile Include="Src\Primitive\GameObject.cpp">
      <Filter>Primitive</Filter>
    </ClCompile>
    <ClCompile Include="Src\Primitive\Component.cpp">
      <Filter>Primitive</Filter>
    </ClCompile>
    <ClCompile Include="Src\Render\Shader.cpp">
      <Filter>Render</Filter>
    </ClCompile>
    <ClCompile Include="Src\Primitive\Sprite.cpp">
      <Filter>Primitive</Filter>
    </ClCompile>
    <ClCompile Include="Src\Render\Texture.cpp">
      <Filter>Render</Filter>
    </ClCompile>
    <ClCompile Include="Src\Component\Core\SpriteRenderer.cpp">
      <Filter>Component\Core</Filter>
    </ClCompile>
    <ClCompile Include="Src\Render\Renderer.cpp">
      <Filter>Render</Filter>
    </ClCompile>
  </ItemGroup>
  <ItemGroup>
    <ClInclude Include="Src\DesignPattern\SingletonTemplate.hpp">
      <Filter>DesignPattern</Filter>
    </ClInclude>
    <ClInclude Include="Src\Application.hpp">
      <Filter>Source Files</Filter>
    </ClInclude>
    <ClInclude Include="Src\Utility\Echo.hpp">
      <Filter>Utility</Filter>
    </ClInclude>
    <ClInclude Include="Src\Component\Core\Transform.hpp">
      <Filter>Component\Core</Filter>
    </ClInclude>
    <ClInclude Include="Src\Primitive\GameObject.hpp">
      <Filter>Primitive</Filter>
    </ClInclude>
    <ClInclude Include="Src\Primitive\Component.hpp">
      <Filter>Primitive</Filter>
    </ClInclude>
    <ClInclude Include="Src\Render\Shader.hpp">
      <Filter>Render</Filter>
    </ClInclude>
    <ClInclude Include="Src\Primitive\Sprite.hpp">
      <Filter>Primitive</Filter>
    </ClInclude>
    <ClInclude Include="Src\Render\Texture.hpp">
      <Filter>Render</Filter>
    </ClInclude>
    <ClInclude Include="Src\Component\Core\SpriteRenderer.hpp">
      <Filter>Component\Core</Filter>
    </ClInclude>
    <ClInclude Include="Src\Render\Renderer.hpp">
      <Filter>Render</Filter>
    </ClInclude>
  </ItemGroup>
</Project>