<?xml version="1.0" encoding="utf-8"?>
<Project ToolsVersion="4.0" xmlns="http://schemas.microsoft.com/developer/msbuild/2003">
  <ItemGroup>
    <Filter Include="Source Files">
      <UniqueIdentifier>{4FC737F1-C7A5-4376-A066-2A32D752A2FF}</UniqueIdentifier>
      <Extensions>cpp;c;cc;cxx;c++;cppm;ixx;def;odl;idl;hpj;bat;asm;asmx</Extensions>
    </Filter>
    <Filter Include="DesignPattern">
      <UniqueIdentifier>{d033d2d0-de97-4833-9079-a950f1b4be65}</UniqueIdentifier>
    </Filter>
    <Filter Include="Utility">
      <UniqueIdentifier>{d0e8438f-dbc4-4e90-b8af-0b01792b74e2}</UniqueIdentifier>
    </Filter>
    <Filter Include="Miscellaneous">
      <UniqueIdentifier>{59d6d8ee-aac5-4273-9c78-f41ab70fc4b7}</UniqueIdentifier>
    </Filter>
  </ItemGroup>
  <ItemGroup>
    <ClCompile Include="Src\main.cpp">
      <Filter>Source Files</Filter>
    </ClCompile>
    <ClCompile Include="Src\Application.cpp">
      <Filter>Source Files</Filter>
    </ClCompile>
    <ClCompile Include="Src\Miscellaneous\glad.c">
      <Filter>Miscellaneous</Filter>
    </ClCompile>
  </ItemGroup>
  <ItemGroup>
    <ClInclude Include="Src\DesignPattern\SingletonTemplate.hpp">
      <Filter>DesignPattern</Filter>
    </ClInclude>
    <ClInclude Include="Src\Application.hpp">
      <Filter>Source Files</Filter>
    </ClInclude>
    <ClInclude Include="Src\Utility\Echo.hpp">
      <Filter>Utility</Filter>
    </ClInclude>
  </ItemGroup>
</Project>